#MicroXplorer Configuration settings - do not modify
CAD.formats=
CAD.pinconfig=
CAD.provider=
CORTEX_M7.AccessPermission_Spec=MPU_REGION_FULL_ACCESS
CORTEX_M7.BaseAddress_Spec=0x24000000
CORTEX_M7.CPU_DCache=Enabled
CORTEX_M7.CPU_ICache=Enabled
CORTEX_M7.IPParameters=default_mode_Activation,CPU_ICache,CPU_DCache,IsCacheable_Spec,IsBufferable_Spec,AccessPermission_Spec,BaseAddress_Spec,Size_Spec
CORTEX_M7.IsBufferable_Spec=MPU_ACCESS_BUFFERABLE
CORTEX_M7.IsCacheable_Spec=MPU_ACCESS_CACHEABLE
CORTEX_M7.Size_Spec=MPU_REGION_SIZE_512KB
CORTEX_M7.default_mode_Activation=1
DCMI.IPParameters=PCKPolarity
DCMI.PCKPolarity=DCMI_PCKPOLARITY_RISING
Dma.DCMI.0.Direction=DMA_PERIPH_TO_MEMORY
Dma.DCMI.0.EventEnable=DISABLE
Dma.DCMI.0.FIFOMode=DMA_FIFOMODE_ENABLE
Dma.DCMI.0.FIFOThreshold=DMA_FIFO_THRESHOLD_FULL
Dma.DCMI.0.Instance=DMA2_Stream7
Dma.DCMI.0.MemBurst=DMA_MBURST_SINGLE
Dma.DCMI.0.MemDataAlignment=DMA_MDATAALIGN_WORD
Dma.DCMI.0.MemInc=DMA_MINC_ENABLE
Dma.DCMI.0.Mode=DMA_CIRCULAR
Dma.DCMI.0.PeriphBurst=DMA_PBURST_SINGLE
Dma.DCMI.0.PeriphDataAlignment=DMA_PDATAALIGN_WORD
Dma.DCMI.0.PeriphInc=DMA_PINC_DISABLE
Dma.DCMI.0.Polarity=HAL_DMAMUX_REQ_GEN_RISING
Dma.DCMI.0.Priority=DMA_PRIORITY_LOW
Dma.DCMI.0.RequestNumber=1
Dma.DCMI.0.RequestParameters=Instance,Direction,PeriphInc,MemInc,PeriphDataAlignment,MemDataAlignment,Mode,Priority,FIFOMode,FIFOThreshold,MemBurst,PeriphBurst,SignalID,Polarity,RequestNumber,SyncSignalID,SyncPolarity,SyncEnable,EventEnable,SyncRequestNumber
Dma.DCMI.0.SignalID=NONE
Dma.DCMI.0.SyncEnable=DISABLE
Dma.DCMI.0.SyncPolarity=HAL_DMAMUX_SYNC_NO_EVENT
Dma.DCMI.0.SyncRequestNumber=1
Dma.DCMI.0.SyncSignalID=NONE
Dma.Request0=DCMI
Dma.RequestsNb=1
File.Version=6
GPIO.groupedBy=Group By Peripherals
KeepUserPlacement=false
MMTAppRegionsCount=0
MMTConfigApplied=false
MMTSectionSuffix=_Section
Mcu.CPN=STM32H743VGT6
Mcu.Family=STM32H7
Mcu.IP0=CORTEX_M7
Mcu.IP1=CRC
Mcu.IP10=TIM1
Mcu.IP11=USART1
Mcu.IP2=DCMI
Mcu.IP3=DEBUG
Mcu.IP4=DMA
Mcu.IP5=MEMORYMAP
Mcu.IP6=NVIC
Mcu.IP7=RCC
Mcu.IP8=SPI4
Mcu.IP9=SYS
Mcu.IPNb=12
Mcu.Name=STM32H743VGTx
Mcu.Package=LQFP100
Mcu.Pin0=PE4
Mcu.Pin1=PE5
Mcu.Pin10=PE12
Mcu.Pin11=PE14
Mcu.Pin12=PC6
Mcu.Pin13=PC7
Mcu.Pin14=PA9
Mcu.Pin15=PA10
Mcu.Pin16=PA11
Mcu.Pin17=PA13 (JTMS/SWDIO)
Mcu.Pin18=PA14 (JTCK/SWCLK)
Mcu.Pin19=PD3
Mcu.Pin2=PE6
Mcu.Pin20=PB7
Mcu.Pin21=PB8
Mcu.Pin22=PB9
Mcu.Pin23=PE0
Mcu.Pin24=PE1
Mcu.Pin25=VP_CRC_VS_CRC
Mcu.Pin26=VP_SYS_VS_Systick
Mcu.Pin27=VP_TIM1_VS_ClockSourceINT
Mcu.Pin28=VP_MEMORYMAP_VS_MEMORYMAP
Mcu.Pin29=VP_STMicroelectronics.X-CUBE-AI_VS_ArtificialOoIntelligenceJjXAaCUBEAaAI_9.1.0
Mcu.Pin3=PC14-OSC32_IN (OSC32_IN)
Mcu.Pin30=VP_STMicroelectronics.X-CUBE-AI_VS_DeviceJjApplication_9.1.0
Mcu.Pin4=PC15-OSC32_OUT (OSC32_OUT)
Mcu.Pin5=PH0-OSC_IN (PH0)
Mcu.Pin6=PH1-OSC_OUT (PH1)
Mcu.Pin7=PA4
Mcu.Pin8=PA6
Mcu.Pin9=PE11
Mcu.PinsNb=31
Mcu.ThirdParty0=STMicroelectronics.X-CUBE-AI.9.1.0
Mcu.ThirdPartyNb=1
Mcu.UserConstants=
Mcu.UserName=STM32H743VGTx
MxCube.Version=6.17.0
MxDb.Version=DB.6.0.170
NVIC.BusFault_IRQn=true\:0\:0\:false\:false\:true\:false\:false\:false
NVIC.DCMI_IRQn=true\:0\:0\:true\:false\:true\:true\:true\:true
NVIC.DMA2_Stream7_IRQn=true\:0\:0\:true\:false\:true\:false\:true\:true
NVIC.DebugMonitor_IRQn=true\:0\:0\:false\:false\:true\:false\:false\:false
NVIC.ForceEnableDMAVector=true
NVIC.HardFault_IRQn=true\:0\:0\:false\:false\:true\:false\:false\:false
NVIC.MemoryManagement_IRQn=true\:0\:0\:false\:false\:true\:false\:false\:false
NVIC.NonMaskableInt_IRQn=true\:0\:0\:false\:false\:true\:false\:false\:false
NVIC.PendSV_IRQn=true\:0\:0\:false\:false\:true\:false\:false\:false
NVIC.PriorityGroup=NVIC_PRIORITYGROUP_4
NVIC.SVCall_IRQn=true\:0\:0\:false\:false\:true\:false\:false\:false
NVIC.SysTick_IRQn=true\:15\:0\:false\:false\:true\:false\:true\:false
NVIC.UsageFault_IRQn=true\:0\:0\:false\:false\:true\:false\:false\:false
PA10.Locked=true
PA10.Mode=Asynchronous
PA10.Signal=USART1_RX
PA11.Locked=true
PA11.Signal=S_TIM1_CH4
PA13\ (JTMS/SWDIO).Mode=Serial_Wire
PA13\ (JTMS/SWDIO).Signal=DEBUG_JTMS-SWDIO
PA14\ (JTCK/SWCLK).Mode=Serial_Wire
PA14\ (JTCK/SWCLK).Signal=DEBUG_JTCK-SWCLK
PA4.Mode=Slave_8_bits_External_Synchro
PA4.Signal=DCMI_HSYNC
PA6.Mode=Slave_8_bits_External_Synchro
PA6.Signal=DCMI_PIXCLK
PA9.Locked=true
PA9.Mode=Asynchronous
PA9.Signal=USART1_TX
PB7.Mode=Slave_8_bits_External_Synchro
PB7.Signal=DCMI_VSYNC
PB8.GPIOParameters=PinState,GPIO_PuPd,GPIO_ModeDefaultOutputPP
PB8.GPIO_ModeDefaultOutputPP=GPIO_MODE_OUTPUT_OD
PB8.GPIO_PuPd=GPIO_NOPULL
PB8.Locked=true
PB8.PinState=GPIO_PIN_SET
PB8.Signal=GPIO_Output
PB9.GPIOParameters=PinState
PB9.Locked=true
PB9.PinState=GPIO_PIN_SET
PB9.Signal=GPIO_Output
PC14-OSC32_IN\ (OSC32_IN).Mode=LSE-External-Oscillator
PC14-OSC32_IN\ (OSC32_IN).Signal=RCC_OSC32_IN
PC15-OSC32_OUT\ (OSC32_OUT).Mode=LSE-External-Oscillator
PC15-OSC32_OUT\ (OSC32_OUT).Signal=RCC_OSC32_OUT
PC6.Mode=Slave_8_bits_External_Synchro
PC6.Signal=DCMI_D0
PC7.Mode=Slave_8_bits_External_Synchro
PC7.Signal=DCMI_D1
PD3.Mode=Slave_8_bits_External_Synchro
PD3.Signal=DCMI_D5
PE0.Mode=Slave_8_bits_External_Synchro
PE0.Signal=DCMI_D2
PE1.Mode=Slave_8_bits_External_Synchro
PE1.Signal=DCMI_D3
PE11.Mode=NSS_Signal_Hard_Output
PE11.Signal=SPI4_NSS
PE12.Locked=true
PE12.Mode=TX_Only_Simplex_Unidirect_Master
PE12.Signal=SPI4_SCK
PE14.Mode=TX_Only_Simplex_Unidirect_Master
PE14.Signal=SPI4_MOSI
PE4.Mode=Slave_8_bits_External_Synchro
PE4.Signal=DCMI_D4
PE5.Mode=Slave_8_bits_External_Synchro
PE5.Signal=DCMI_D6
PE6.Mode=Slave_8_bits_External_Synchro
PE6.Signal=DCMI_D7
PH0-OSC_IN\ (PH0).Mode=HSE-External-Oscillator
PH0-OSC_IN\ (PH0).Signal=RCC_OSC_IN
PH1-OSC_OUT\ (PH1).Mode=HSE-External-Oscillator
PH1-OSC_OUT\ (PH1).Signal=RCC_OSC_OUT
PinOutPanel.RotationAngle=0
ProjectManager.AskForMigrate=true
ProjectManager.BackupPrevious=false
ProjectManager.CompilerLinker=GCC
ProjectManager.CompilerOptimize=6
ProjectManager.ComputerToolchain=false
ProjectManager.CoupleFile=true
ProjectManager.CustomerFirmwarePackage=
ProjectManager.DefaultFWLocation=true
ProjectManager.DeletePrevious=true
ProjectManager.DeviceId=STM32H743VGTx
ProjectManager.FirmwarePackage=STM32Cube FW_H7 V1.13.0
ProjectManager.FreePins=false
ProjectManager.FreePinsContext=
ProjectManager.HalAssertFull=false
ProjectManager.HeapSize=0x8000
ProjectManager.KeepUserCode=true
ProjectManager.LastFirmware=true
ProjectManager.LibraryCopy=1
ProjectManager.MainLocation=Core/Src
ProjectManager.NoMain=false
ProjectManager.PreviousToolchain=
ProjectManager.ProjectBuild=false
ProjectManager.ProjectFileName=detect.ioc
ProjectManager.ProjectName=detect
ProjectManager.ProjectStructure=
ProjectManager.RegisterCallBack=
ProjectManager.StackSize=0x8000
ProjectManager.TargetToolchain=MDK-ARM V5
ProjectManager.ToolChainLocation=
ProjectManager.UAScriptAfterPath=
ProjectManager.UAScriptBeforePath=
ProjectManager.UnderRoot=false
ProjectManager.functionlistsort=1-SystemClock_Config-RCC-false-HAL-false,2-MX_GPIO_Init-GPIO-false-HAL-true,3-MX_DMA_Init-DMA-false-HAL-true,4-MX_DCMI_Init-DCMI-false-HAL-true,5-MX_SPI4_Init-SPI4-false-HAL-true,6-MX_USART1_UART_Init-USART1-false-HAL-true,7-MX_CRC_Init-CRC-false-HAL-true,9-MX_X_CUBE_AI_Init-STMicroelectronics.X-CUBE-AI.9.1.0-false-HAL-false,0-MX_CORTEX_M7_Init-CORTEX_M7-false-HAL-true,10-MX_X_CUBE_AI_Process-STMicroelectronics.X-CUBE-AI.9.1.0-false-HAL-false
RCC.ADCFreq_Value=50390625
RCC.AHB12Freq_Value=240000000
RCC.AHB4Freq_Value=240000000
RCC.APB1Freq_Value=120000000
RCC.APB2Freq_Value=120000000
RCC.APB3Freq_Value=120000000
RCC.APB4Freq_Value=120000000
RCC.AXIClockFreq_Value=240000000
RCC.CECFreq_Value=32000
RCC.CKPERFreq_Value=64000000
RCC.CortexFreq_Value=480000000
RCC.CpuClockFreq_Value=480000000
RCC.D1CPREFreq_Value=480000000
RCC.D1PPRE=RCC_APB3_DIV2
RCC.D2PPRE1=RCC_APB1_DIV2
RCC.D2PPRE2=RCC_APB2_DIV2
RCC.D3PPRE=RCC_APB4_DIV2
RCC.DFSDMACLkFreq_Value=120000000
RCC.DFSDMFreq_Value=120000000
RCC.DIVM1=5
RCC.DIVN1=192
RCC.DIVP1Freq_Value=480000000
RCC.DIVP2Freq_Value=50390625
RCC.DIVP3Freq_Value=50390625
RCC.DIVQ1=8
RCC.DIVQ1Freq_Value=120000000
RCC.DIVQ2Freq_Value=50390625
RCC.DIVQ3Freq_Value=50390625
RCC.DIVR1=8
RCC.DIVR1Freq_Value=120000000
RCC.DIVR2Freq_Value=50390625
RCC.DIVR3Freq_Value=50390625
RCC.FDCANFreq_Value=120000000
RCC.FMCFreq_Value=240000000
RCC.FamilyName=M
RCC.HCLK3ClockFreq_Value=240000000
RCC.HCLKFreq_Value=240000000
RCC.HPRE=RCC_HCLK_DIV2
RCC.HRTIMFreq_Value=240000000
RCC.HSE_VALUE=25000000
RCC.I2C123Freq_Value=120000000
RCC.I2C4Freq_Value=120000000
RCC.IPParameters=ADCFreq_Value,AHB12Freq_Value,AHB4Freq_Value,APB1Freq_Value,APB2Freq_Value,APB3Freq_Value,APB4Freq_Value,AXIClockFreq_Value,CECFreq_Value,CKPERFreq_Value,CortexFreq_Value,CpuClockFreq_Value,D1CPREFreq_Value,D1PPRE,D2PPRE1,D2PPRE2,D3PPRE,DFSDMACLkFreq_Value,DFSDMFreq_Value,DIVM1,DIVN1,DIVP1Freq_Value,DIVP2Freq_Value,DIVP3Freq_Value,DIVQ1,DIVQ1Freq_Value,DIVQ2Freq_Value,DIVQ3Freq_Value,DIVR1,DIVR1Freq_Value,DIVR2Freq_Value,DIVR3Freq_Value,FDCANFreq_Value,FMCFreq_Value,FamilyName,HCLK3ClockFreq_Value,HCLKFreq_Value,HPRE,HRTIMFreq_Value,HSE_VALUE,I2C123Freq_Value,I2C4Freq_Value,LPTIM1Freq_Value,LPTIM2Freq_Value,LPTIM345Freq_Value,LPUART1Freq_Value,LTDCFreq_Value,MCO1PinFreq_Value,MCO2PinFreq_Value,PLLSourceVirtual,QSPIFreq_Value,RNGFreq_Value,RTCFreq_Value,SAI1Freq_Value,SAI23Freq_Value,SAI4AFreq_Value,SAI4BFreq_Value,SDMMCFreq_Value,SPDIFRXFreq_Value,SPI123Freq_Value,SPI45Freq_Value,SPI6Freq_Value,SWPMI1Freq_Value,SYSCLKFreq_VALUE,SYSCLKSource,Tim1OutputFreq_Value,Tim2OutputFreq_Value,TraceFreq_Value,USART16Freq_Value,USART234578Freq_Value,USBCLockSelection,USBFreq_Value,VCO1OutputFreq_Value,VCO2OutputFreq_Value,VCO3OutputFreq_Value,VCOInput1Freq_Value,VCOInput2Freq_Value,VCOInput3Freq_Value
RCC.LPTIM1Freq_Value=120000000
RCC.LPTIM2Freq_Value=120000000
RCC.LPTIM345Freq_Value=120000000
RCC.LPUART1Freq_Value=120000000
RCC.LTDCFreq_Value=50390625
RCC.MCO1PinFreq_Value=64000000
RCC.MCO2PinFreq_Value=480000000
RCC.PLLSourceVirtual=RCC_PLLSOURCE_HSE
RCC.QSPIFreq_Value=240000000
RCC.RNGFreq_Value=48000000
RCC.RTCFreq_Value=32000
RCC.SAI1Freq_Value=120000000
RCC.SAI23Freq_Value=120000000
RCC.SAI4AFreq_Value=120000000
RCC.SAI4BFreq_Value=120000000
RCC.SDMMCFreq_Value=120000000
RCC.SPDIFRXFreq_Value=120000000
RCC.SPI123Freq_Value=120000000
RCC.SPI45Freq_Value=120000000
RCC.SPI6Freq_Value=120000000
RCC.SWPMI1Freq_Value=120000000
RCC.SYSCLKFreq_VALUE=480000000
RCC.SYSCLKSource=RCC_SYSCLKSOURCE_PLLCLK
RCC.Tim1OutputFreq_Value=240000000
RCC.Tim2OutputFreq_Value=240000000
RCC.TraceFreq_Value=120000000
RCC.USART16Freq_Value=120000000
RCC.USART234578Freq_Value=120000000
RCC.USBCLockSelection=RCC_USBCLKSOURCE_HSI48
RCC.USBFreq_Value=48000000
RCC.VCO1OutputFreq_Value=960000000
RCC.VCO2OutputFreq_Value=100781250
RCC.VCO3OutputFreq_Value=100781250
RCC.VCOInput1Freq_Value=5000000
RCC.VCOInput2Freq_Value=781250
RCC.VCOInput3Freq_Value=781250
SH.S_TIM1_CH4.0=TIM1_CH4,PWM Generation4 CH4
SH.S_TIM1_CH4.ConfNb=1
SPI4.BaudRatePrescaler=SPI_BAUDRATEPRESCALER_2
SPI4.CalculateBaudRate=60.0 MBits/s
SPI4.DataSize=SPI_DATASIZE_8BIT
SPI4.Direction=SPI_DIRECTION_2LINES_TXONLY
SPI4.FifoThreshold=SPI_FIFO_THRESHOLD_02DATA
SPI4.IPParameters=VirtualType,Mode,Direction,CalculateBaudRate,DataSize,VirtualNSS,FifoThreshold,BaudRatePrescaler
SPI4.Mode=SPI_MODE_MASTER
SPI4.VirtualNSS=VM_NSSHARD
SPI4.VirtualType=VM_MASTER
STMicroelectronics.X-CUBE-AI.9.1.0.ActivationBufferSizeList=327680
STMicroelectronics.X-CUBE-AI.9.1.0.ActivationBuffers=pool0
STMicroelectronics.X-CUBE-AI.9.1.0.ActivationNames=pool0
STMicroelectronics.X-CUBE-AI.9.1.0.ActivationSizes=AI_DETECT_DATA_ACTIVATION_1_SIZE
STMicroelectronics.X-CUBE-AI.9.1.0.ApplicationCcDeviceJjApplication=ApplicationTemplate
STMicroelectronics.X-CUBE-AI.9.1.0.ArtificialOoIntelligenceJjXAaCUBEAaAI_Checked=true
STMicroelectronics.X-CUBE-AI.9.1.0.DeviceJjApplication_Checked=true
STMicroelectronics.X-CUBE-AI.9.1.0.HeapSize=0x8000
STMicroelectronics.X-CUBE-AI.9.1.0.IPParameters=HeapSize,StackSize,ModelName-a944db586c262c50fa8032d9b023772883213d6c37ebc12255e3983b028dac71,ModelKind-a944db586c262c50fa8032d9b023772883213d6c37ebc12255e3983b028dac71,ModelCompression-a944db586c262c50fa8032d9b023772883213d6c37ebc12255e3983b028dac71,ModelHashList,ModelNameList,WorkingBufferStartAddrList,LatestDirectoryUsed-a944db586c262c50fa8032d9b023772883213d6c37ebc12255e3983b028dac71,ModelStructureFile-a944db586c262c50fa8032d9b023772883213d6c37ebc12255e3983b028dac71,ModelActualCompression-a944db586c262c50fa8032d9b023772883213d6c37ebc12255e3983b028dac71,ModelFlashOccupation-a944db586c262c50fa8032d9b023772883213d6c37ebc12255e3983b028dac71,ModelMacc-a944db586c262c50fa8032d9b023772883213d6c37ebc12255e3983b028dac71,ModelRamOccupation-a944db586c262c50fa8032d9b023772883213d6c37ebc12255e3983b028dac71,ModelType-a944db586c262c50fa8032d9b023772883213d6c37ebc12255e3983b028dac71,copyWeightToRam,useInputAllocation,useOutputAllocation,customLayerConfigEnabled,noOnnxIoTranspose,ActivationBuffers,ActivationSizes,ActivationNames,InternalRamActivationBufferMaxSize,ActivationBufferSizeList,MaximumNumberOfInputLayer,MaximumNumberOfOutputLayer,MaximumSizeOfInputLayer,MaximumSizeOfOutputLayer,ReadyForCodeGeneration,copyWeightToRam-a944db586c262c50fa8032d9b023772883213d6c37ebc12255e3983b028dac71,useInputAllocation-a944db586c262c50fa8032d9b023772883213d6c37ebc12255e3983b028dac71,useOutputAllocation-a944db586c262c50fa8032d9b023772883213d6c37ebc12255e3983b028dac71,customLayerConfigEnabled-a944db586c262c50fa8032d9b023772883213d6c37ebc12255e3983b028dac71,noOnnxIoTranspose-a944db586c262c50fa8032d9b023772883213d6c37ebc12255e3983b028dac71,XAaCUBEAaAICcArtificialOoIntelligenceJjCore,ApplicationCcDeviceJjApplication
STMicroelectronics.X-CUBE-AI.9.1.0.InternalRamActivationBufferMaxSize=AI_DETECT_DATA_ACTIVATIONS_SIZE
STMicroelectronics.X-CUBE-AI.9.1.0.LatestDirectoryUsed-a944db586c262c50fa8032d9b023772883213d6c37ebc12255e3983b028dac71=E\:\\DL code\\model\\stm32ai-modelzoo\\object_detection\\facedetect_front\\Public_pretrainedmodel_public_dataset\\widerface
STMicroelectronics.X-CUBE-AI.9.1.0.MaximumNumberOfInputLayer=1
STMicroelectronics.X-CUBE-AI.9.1.0.MaximumNumberOfOutputLayer=1
STMicroelectronics.X-CUBE-AI.9.1.0.MaximumSizeOfInputLayer=1
STMicroelectronics.X-CUBE-AI.9.1.0.MaximumSizeOfOutputLayer=1,1,1,1
STMicroelectronics.X-CUBE-AI.9.1.0.ModelActualCompression-a944db586c262c50fa8032d9b023772883213d6c37ebc12255e3983b028dac71=0.0
STMicroelectronics.X-CUBE-AI.9.1.0.ModelCompression-a944db586c262c50fa8032d9b023772883213d6c37ebc12255e3983b028dac71=None
STMicroelectronics.X-CUBE-AI.9.1.0.ModelFlashOccupation-a944db586c262c50fa8032d9b023772883213d6c37ebc12255e3983b028dac71=107956
STMicroelectronics.X-CUBE-AI.9.1.0.ModelHashList=a944db586c262c50fa8032d9b023772883213d6c37ebc12255e3983b028dac71
STMicroelectronics.X-CUBE-AI.9.1.0.ModelKind-a944db586c262c50fa8032d9b023772883213d6c37ebc12255e3983b028dac71=TFLITE
STMicroelectronics.X-CUBE-AI.9.1.0.ModelMacc-a944db586c262c50fa8032d9b023772883213d6c37ebc12255e3983b028dac71=31849356
STMicroelectronics.X-CUBE-AI.9.1.0.ModelName-a944db586c262c50fa8032d9b023772883213d6c37ebc12255e3983b028dac71=detect
STMicroelectronics.X-CUBE-AI.9.1.0.ModelNameList=detect
STMicroelectronics.X-CUBE-AI.9.1.0.ModelRamOccupation-a944db586c262c50fa8032d9b023772883213d6c37ebc12255e3983b028dac71=327680
STMicroelectronics.X-CUBE-AI.9.1.0.ModelStructureFile-a944db586c262c50fa8032d9b023772883213d6c37ebc12255e3983b028dac71=E\:\\DL code\\model\\stm32ai-modelzoo\\object_detection\\facedetect_front\\Public_pretrainedmodel_public_dataset\\widerface\\blazeface_front_128_quant_pc_ff_od_widerface.tflite
STMicroelectronics.X-CUBE-AI.9.1.0.ModelType-a944db586c262c50fa8032d9b023772883213d6c37ebc12255e3983b028dac71=STM32Cube.AI MCU runtime
STMicroelectronics.X-CUBE-AI.9.1.0.ReadyForCodeGeneration=true
STMicroelectronics.X-CUBE-AI.9.1.0.StackSize=0x8000
STMicroelectronics.X-CUBE-AI.9.1.0.WorkingBufferStartAddrList=0xFFFFFFFF
STMicroelectronics.X-CUBE-AI.9.1.0.XAaCUBEAaAICcArtificialOoIntelligenceJjCore=true
STMicroelectronics.X-CUBE-AI.9.1.0.copyWeightToRam=false
STMicroelectronics.X-CUBE-AI.9.1.0.copyWeightToRam-a944db586c262c50fa8032d9b023772883213d6c37ebc12255e3983b028dac71=false
STMicroelectronics.X-CUBE-AI.9.1.0.customLayerConfigEnabled=false
STMicroelectronics.X-CUBE-AI.9.1.0.customLayerConfigEnabled-a944db586c262c50fa8032d9b023772883213d6c37ebc12255e3983b028dac71=false
STMicroelectronics.X-CUBE-AI.9.1.0.noOnnxIoTranspose=false
STMicroelectronics.X-CUBE-AI.9.1.0.noOnnxIoTranspose-a944db586c262c50fa8032d9b023772883213d6c37ebc12255e3983b028dac71=false
STMicroelectronics.X-CUBE-AI.9.1.0.useInputAllocation=true
STMicroelectronics.X-CUBE-AI.9.1.0.useInputAllocation-a944db586c262c50fa8032d9b023772883213d6c37ebc12255e3983b028dac71=true
STMicroelectronics.X-CUBE-AI.9.1.0.useOutputAllocation=true
STMicroelectronics.X-CUBE-AI.9.1.0.useOutputAllocation-a944db586c262c50fa8032d9b023772883213d6c37ebc12255e3983b028dac71=true
STMicroelectronics.X-CUBE-AI.9.1.0_SwParameter=ApplicationCcDeviceJjApplication\:ApplicationTemplate;XAaCUBEAaAICcArtificialOoIntelligenceJjCore\:true;
TIM1.AutoReloadPreload=TIM_AUTORELOAD_PRELOAD_ENABLE
TIM1.Channel-PWM\ Generation4\ CH4=TIM_CHANNEL_4
TIM1.IPParameters=Channel-PWM Generation4 CH4,Pulse-PWM Generation4 CH4,Prescaler,Period,AutoReloadPreload
TIM1.Period=19999
TIM1.Prescaler=239
TIM1.Pulse-PWM\ Generation4\ CH4=1500
USART1.IPParameters=VirtualMode-Asynchronous
USART1.VirtualMode-Asynchronous=VM_ASYNC
VP_CRC_VS_CRC.Mode=CRC_Activate
VP_CRC_VS_CRC.Signal=CRC_VS_CRC
VP_MEMORYMAP_VS_MEMORYMAP.Mode=CurAppReg
VP_MEMORYMAP_VS_MEMORYMAP.Signal=MEMORYMAP_VS_MEMORYMAP
VP_STMicroelectronics.X-CUBE-AI_VS_ArtificialOoIntelligenceJjXAaCUBEAaAI_9.1.0.Mode=ArtificialOoIntelligenceJjXAaCUBEAaAI
VP_STMicroelectronics.X-CUBE-AI_VS_ArtificialOoIntelligenceJjXAaCUBEAaAI_9.1.0.Signal=STMicroelectronics.X-CUBE-AI_VS_ArtificialOoIntelligenceJjXAaCUBEAaAI_9.1.0
VP_STMicroelectronics.X-CUBE-AI_VS_DeviceJjApplication_9.1.0.Mode=DeviceJjApplication
VP_STMicroelectronics.X-CUBE-AI_VS_DeviceJjApplication_9.1.0.Signal=STMicroelectronics.X-CUBE-AI_VS_DeviceJjApplication_9.1.0
VP_SYS_VS_Systick.Mode=SysTick
VP_SYS_VS_Systick.Signal=SYS_VS_Systick
VP_TIM1_VS_ClockSourceINT.Mode=Internal
VP_TIM1_VS_ClockSourceINT.Signal=TIM1_VS_ClockSourceINT
board=custom
